<?xml version="1.0" encoding="utf-8"?>
<Project ToolsVersion="4.0" xmlns="http://schemas.microsoft.com/developer/msbuild/2003">
  <ItemGroup>
    <ClCompile Include="main.cpp" />
    <ClCompile Include="Yakuza.cpp" />
    <ClCompile Include="md5.cpp">
      <Filter>Security\StringEncryption</Filter>
    </ClCompile>
    <ClCompile Include="RainbowSix.cpp">
      <Filter>Game\R6s</Filter>
    </ClCompile>
    <ClCompile Include="imgui_impl_dx11.cpp">
      <Filter>Menu\ImGui</Filter>
    </ClCompile>
    <ClCompile Include="KDMOD\intel_driver.cpp">
      <Filter>Spoof\KDMOD</Filter>
    </ClCompile>
    <ClCompile Include="KDMOD\kdmapper.cpp">
      <Filter>Spoof\KDMOD</Filter>
    </ClCompile>
    <ClCompile Include="KDMOD\portable_executable.cpp">
      <Filter>Spoof\KDMOD</Filter>
    </ClCompile>
    <ClCompile Include="KDMOD\service.cpp">
      <Filter>Spoof\KDMOD</Filter>
    </ClCompile>
    <ClCompile Include="KDMOD\utils.cpp">
      <Filter>Spoof\KDMOD</Filter>
    </ClCompile>
    <ClCompile Include="FUNC\callclean.cpp">
      <Filter>Spoof\FUNC</Filter>
    </ClCompile>
    <ClCompile Include="FUNC\callresetdisks.cpp">
      <Filter>Spoof\FUNC</Filter>
    </ClCompile>
    <ClCompile Include="FUNC\callspooffunc.cpp">
      <Filter>Spoof\FUNC</Filter>
    </ClCompile>
    <ClCompile Include="Server\server\AES.cpp">
      <Filter>Security\Server\Source</Filter>
    </ClCompile>
    <ClCompile Include="Server\server\base64.cpp">
      <Filter>Security\Server\Source</Filter>
    </ClCompile>
    <ClCompile Include="Server\server\Licenser.cpp">
      <Filter>Security\Server\Source</Filter>
    </ClCompile>
    <ClCompile Include="Server\server\RSA.cpp">
      <Filter>Security\Server\Source</Filter>
    </ClCompile>
    <ClCompile Include="Server\server\Socket.cpp">
      <Filter>Security\Server\Source</Filter>
    </ClCompile>
    <ClCompile Include="Server\server\WebEncoder.cpp">
      <Filter>Security\Server\Source</Filter>
    </ClCompile>
    <ClCompile Include="Server\server\WMICHwid.cpp">
      <Filter>Security\Server\Source</Filter>
    </ClCompile>
    <ClCompile Include="includes\imgui.cpp">
      <Filter>Menu\ImGui</Filter>
    </ClCompile>
    <ClCompile Include="includes\imgui_demo.cpp">
      <Filter>Menu\ImGui</Filter>
    </ClCompile>
    <ClCompile Include="includes\imgui_draw.cpp">
      <Filter>Menu\ImGui</Filter>
    </ClCompile>
    <ClCompile Include="includes\imgui_widgets.cpp">
      <Filter>Menu\ImGui</Filter>
    </ClCompile>
    <ClCompile Include="Renderer.cpp">
      <Filter>Menu\ImGui</Filter>
    </ClCompile>
  </ItemGroup>
  <ItemGroup>
    <Filter Include="Security">
      <UniqueIdentifier>{e251b25b-a6fc-460d-b866-fc03e3b45c72}</UniqueIdentifier>
    </Filter>
    <Filter Include="Menu">
      <UniqueIdentifier>{9995a546-ed9a-46a3-a97d-ee928e333b00}</UniqueIdentifier>
    </Filter>
    <Filter Include="Security\StringEncryption">
      <UniqueIdentifier>{a00fc04c-3b37-4929-86fc-dd04a4d4f259}</UniqueIdentifier>
    </Filter>
    <Filter Include="Menu\ImGui">
      <UniqueIdentifier>{caa00508-0718-408f-a9c0-7d5570a3a29f}</UniqueIdentifier>
    </Filter>
    <Filter Include="Utils">
      <UniqueIdentifier>{3e19dc54-d826-4ff7-a706-7f268b5b0de4}</UniqueIdentifier>
    </Filter>
    <Filter Include="Game">
      <UniqueIdentifier>{cc05b5a6-d030-4f0f-925c-f88dfadae0ff}</UniqueIdentifier>
    </Filter>
    <Filter Include="Game\R6s">
      <UniqueIdentifier>{7fe2a869-f660-45bf-8dac-04235deb03c8}</UniqueIdentifier>
    </Filter>
    <Filter Include="Kernel">
      <UniqueIdentifier>{39afbed6-fd3e-4b4b-b1ff-e69d9a74d011}</UniqueIdentifier>
    </Filter>
    <Filter Include="Game\R6s\Features">
      <UniqueIdentifier>{6f4f83b5-4caa-472a-8138-33293418480d}</UniqueIdentifier>
    </Filter>
    <Filter Include="Utils\map">
      <UniqueIdentifier>{1f6633c1-442f-4010-817a-7a8800698464}</UniqueIdentifier>
    </Filter>
    <Filter Include="Spoof">
      <UniqueIdentifier>{7f4c5b93-893d-4737-bb62-8bc16ff3aefe}</UniqueIdentifier>
    </Filter>
    <Filter Include="Spoof\KDMOD">
      <UniqueIdentifier>{f29721e9-4d9e-42de-9b38-c33926213906}</UniqueIdentifier>
    </Filter>
    <Filter Include="Spoof\FUNC">
      <UniqueIdentifier>{a5ce0c19-47f4-41fc-8fa2-24bafe63b392}</UniqueIdentifier>
    </Filter>
    <Filter Include="Security\Server">
      <UniqueIdentifier>{dbff0bc6-031f-4621-b98b-7520a0d9d9e4}</UniqueIdentifier>
    </Filter>
    <Filter Include="Security\Server\Headers">
      <UniqueIdentifier>{c67d86e8-5a94-4499-b6fa-fab8ecbbf0fe}</UniqueIdentifier>
    </Filter>
    <Filter Include="Security\Server\Source">
      <UniqueIdentifier>{2ec3bdbb-f39b-4a16-bb44-49b483fa0421}</UniqueIdentifier>
    </Filter>
    <Filter Include="Security\Server\Headers\crypto">
      <UniqueIdentifier>{5b06bf2d-9371-4451-98c1-3ebf43d5d8dc}</UniqueIdentifier>
    </Filter>
    <Filter Include="Security\Server\Headers\json">
      <UniqueIdentifier>{92d58506-8dac-4a25-b919-cbf44a41d931}</UniqueIdentifier>
    </Filter>
    <Filter Include="Security\Server\Headers\cxopts">
      <UniqueIdentifier>{eaec1fc7-0d45-4d42-89a2-2b83b2e403b2}</UniqueIdentifier>
    </Filter>
    <Filter Include="Security\Server\Headers\tiny">
      <UniqueIdentifier>{148e0e7b-9fce-47e3-bbcb-9c0a52d1b8a5}</UniqueIdentifier>
    </Filter>
  </ItemGroup>
  <ItemGroup>
    <ClInclude Include="string.hpp">
      <Filter>Security\StringEncryption</Filter>
    </ClInclude>
    <ClInclude Include="Yakuza.h" />
    <ClInclude Include="Offsets.hpp">
      <Filter>Game</Filter>
    </ClInclude>
    <ClInclude Include="md5.h">
      <Filter>Security\StringEncryption</Filter>
    </ClInclude>
    <ClInclude Include="Menu.hpp">
      <Filter>Menu</Filter>
    </ClInclude>
    <ClInclude Include="Vectors.h">
      <Filter>Utils</Filter>
    </ClInclude>
    <ClInclude Include="includes\DrawerSmall.h">
      <Filter>Menu</Filter>
    </ClInclude>
    <ClInclude Include="ImGui\Drawer.h">
      <Filter>Menu\ImGui</Filter>
    </ClInclude>
    <ClInclude Include="Kernel.h">
      <Filter>Kernel</Filter>
    </ClInclude>
    <ClInclude Include="importer.hpp">
      <Filter>Security</Filter>
    </ClInclude>
    <ClInclude Include="Singleton.hpp">
      <Filter>Utils</Filter>
    </ClInclude>
    <ClInclude Include="RainbowSix.h">
      <Filter>Game\R6s</Filter>
    </ClInclude>
    <ClInclude Include="options.h">
      <Filter>Game</Filter>
    </ClInclude>
    <ClInclude Include="Timer.hpp">
      <Filter>Utils</Filter>
    </ClInclude>
    <ClInclude Include="lists.h">
      <Filter>Menu</Filter>
    </ClInclude>
    <ClInclude Include="esp.h">
      <Filter>Game\R6s\Features</Filter>
    </ClInclude>
    <ClInclude Include="mapper.h">
      <Filter>Utils\map</Filter>
    </ClInclude>
    <ClInclude Include="map\ExcDriver.h">
      <Filter>Utils\map</Filter>
    </ClInclude>
    <ClInclude Include="map\loader.hpp">
      <Filter>Utils\map</Filter>
    </ClInclude>
    <ClInclude Include="map\native.hpp">
      <Filter>Utils\map</Filter>
    </ClInclude>
    <ClInclude Include="map\structs.hpp">
      <Filter>Utils\map</Filter>
    </ClInclude>
    <ClInclude Include="map\util.hpp">
      <Filter>Utils\map</Filter>
    </ClInclude>
    <ClInclude Include="map\capcomsys.hpp">
      <Filter>Utils\map</Filter>
    </ClInclude>
    <ClInclude Include="map\drv_image.hpp">
      <Filter>Utils\map</Filter>
    </ClInclude>
    <ClInclude Include="map\capcom.hpp">
      <Filter>Utils\map</Filter>
    </ClInclude>
    <ClInclude Include="map\kernel.hpp">
      <Filter>Utils\map</Filter>
    </ClInclude>
    <ClInclude Include="imgui_impl_dx11.h">
      <Filter>Menu\ImGui</Filter>
    </ClInclude>
    <ClInclude Include="bones.h">
      <Filter>Game\R6s\Features</Filter>
    </ClInclude>
    <ClInclude Include="KDMOD\intel_driver.hpp">
      <Filter>Spoof\KDMOD</Filter>
    </ClInclude>
    <ClInclude Include="KDMOD\intel_driver_resource.hpp">
      <Filter>Spoof\KDMOD</Filter>
    </ClInclude>
    <ClInclude Include="KDMOD\kdmapper.hpp">
      <Filter>Spoof\KDMOD</Filter>
    </ClInclude>
    <ClInclude Include="KDMOD\nt.hpp">
      <Filter>Spoof\KDMOD</Filter>
    </ClInclude>
    <ClInclude Include="KDMOD\ntdll.h">
      <Filter>Spoof\KDMOD</Filter>
    </ClInclude>
    <ClInclude Include="KDMOD\portable_executable.hpp">
      <Filter>Spoof\KDMOD</Filter>
    </ClInclude>
    <ClInclude Include="KDMOD\service.hpp">
      <Filter>Spoof\KDMOD</Filter>
    </ClInclude>
    <ClInclude Include="KDMOD\utils.hpp">
      <Filter>Spoof\KDMOD</Filter>
    </ClInclude>
    <ClInclude Include="FUNC\callfuncs.h">
      <Filter>Spoof\FUNC</Filter>
    </ClInclude>
    <ClInclude Include="Server\include\Licenser.hpp">
      <Filter>Security\Server\Headers</Filter>
    </ClInclude>
    <ClInclude Include="Server\include\Socket.hpp">
      <Filter>Security\Server\Headers</Filter>
    </ClInclude>
    <ClInclude Include="Server\include\stdafx.hpp">
      <Filter>Security\Server\Headers</Filter>
    </ClInclude>
    <ClInclude Include="Server\include\WebEncoder.hpp">
      <Filter>Security\Server\Headers</Filter>
    </ClInclude>
    <ClInclude Include="Server\include\WMICHwid.hpp">
      <Filter>Security\Server\Headers</Filter>
    </ClInclude>
    <ClInclude Include="Server\include\crypto\AES.hpp">
      <Filter>Security\Server\Headers\crypto</Filter>
    </ClInclude>
    <ClInclude Include="Server\include\crypto\base64.hpp">
      <Filter>Security\Server\Headers\crypto</Filter>
    </ClInclude>
    <ClInclude Include="Server\include\crypto\RSA.hpp">
      <Filter>Security\Server\Headers\crypto</Filter>
    </ClInclude>
    <ClInclude Include="Server\contrib\nlohmann\json.hpp">
      <Filter>Security\Server\Headers\json</Filter>
    </ClInclude>
    <ClInclude Include="Server\contrib\tinyformat\tinyformat.hpp">
      <Filter>Security\Server\Headers\tiny</Filter>
    </ClInclude>
    <ClInclude Include="Server\contrib\jarro2783\cxxopts.hpp">
      <Filter>Security\Server\Headers\cxopts</Filter>
    </ClInclude>
    <ClInclude Include="hwid.hpp">
      <Filter>Security</Filter>
    </ClInclude>
    <ClInclude Include="includes\imgui.h">
      <Filter>Menu\ImGui</Filter>
    </ClInclude>
    <ClInclude Include="includes\imgui_internal.h">
      <Filter>Menu\ImGui</Filter>
    </ClInclude>
    <ClInclude Include="includes\imstb_rectpack.h">
      <Filter>Menu\ImGui</Filter>
    </ClInclude>
    <ClInclude Include="includes\imstb_textedit.h">
      <Filter>Menu\ImGui</Filter>
    </ClInclude>
    <ClInclude Include="includes\imstb_truetype.h">
      <Filter>Menu\ImGui</Filter>
    </ClInclude>
  </ItemGroup>
</Project>